// !$*UTF8*$!
{
	archiveVersion = 1;
	classes = {
	};
	objectVersion = 46;
	objects = {

/* Begin PBXBuildFile section */
		1529B49019C834D300B05D68 /* main.m in Sources */ = {isa = PBXBuildFile; fileRef = 1529B48F19C834D300B05D68 /* main.m */; };
		1529B49319C834D300B05D68 /* RIAppDelegate.m in Sources */ = {isa = PBXBuildFile; fileRef = 1529B49219C834D300B05D68 /* RIAppDelegate.m */; };
		1529B49619C834D300B05D68 /* Winner.xcdatamodeld in Sources */ = {isa = PBXBuildFile; fileRef = 1529B49419C834D300B05D68 /* Winner.xcdatamodeld */; };
		1529B49919C834D300B05D68 /* RIHomeViewController.m in Sources */ = {isa = PBXBuildFile; fileRef = 1529B49819C834D300B05D68 /* RIHomeViewController.m */; };
		1529B49C19C834D300B05D68 /* Main.storyboard in Resources */ = {isa = PBXBuildFile; fileRef = 1529B49A19C834D300B05D68 /* Main.storyboard */; };
		1529B49E19C834D300B05D68 /* Images.xcassets in Resources */ = {isa = PBXBuildFile; fileRef = 1529B49D19C834D300B05D68 /* Images.xcassets */; };
		1529B4A119C834D300B05D68 /* LaunchScreen.xib in Resources */ = {isa = PBXBuildFile; fileRef = 1529B49F19C834D300B05D68 /* LaunchScreen.xib */; };
		1529B4AD19C834D300B05D68 /* WinnerTests.m in Sources */ = {isa = PBXBuildFile; fileRef = 1529B4AC19C834D300B05D68 /* WinnerTests.m */; };
		1529B4BA19C835DF00B05D68 /* RIWinnerViewController.m in Sources */ = {isa = PBXBuildFile; fileRef = 1529B4B919C835DF00B05D68 /* RIWinnerViewController.m */; };
		1529B4C119C8370A00B05D68 /* RIPageViewController.m in Sources */ = {isa = PBXBuildFile; fileRef = 1529B4C019C8370A00B05D68 /* RIPageViewController.m */; };
		1529B4C519C8373400B05D68 /* RIMainController.m in Sources */ = {isa = PBXBuildFile; fileRef = 1529B4C419C8373400B05D68 /* RIMainController.m */; };
		1529B4CA19C8384200B05D68 /* RITitleView.m in Sources */ = {isa = PBXBuildFile; fileRef = 1529B4C919C8384200B05D68 /* RITitleView.m */; };
		1529B4CB19C8384600B05D68 /* RITitleView.m in Sources */ = {isa = PBXBuildFile; fileRef = 1529B4C919C8384200B05D68 /* RITitleView.m */; };
		1529B4CC19C8384D00B05D68 /* RIWinnerViewController.m in Sources */ = {isa = PBXBuildFile; fileRef = 1529B4B919C835DF00B05D68 /* RIWinnerViewController.m */; };
		1529B4D019C83A2E00B05D68 /* RITopView.m in Sources */ = {isa = PBXBuildFile; fileRef = 1529B4CF19C83A2E00B05D68 /* RITopView.m */; };
		1529B4D119C83A2E00B05D68 /* RITopView.m in Sources */ = {isa = PBXBuildFile; fileRef = 1529B4CF19C83A2E00B05D68 /* RITopView.m */; };
/* End PBXBuildFile section */

/* Begin PBXContainerItemProxy section */
		1529B4A719C834D300B05D68 /* PBXContainerItemProxy */ = {
			isa = PBXContainerItemProxy;
			containerPortal = 1529B48219C834D300B05D68 /* Project object */;
			proxyType = 1;
			remoteGlobalIDString = 1529B48919C834D300B05D68;
			remoteInfo = Winner;
		};
/* End PBXContainerItemProxy section */

/* Begin PBXFileReference section */
		1529B48A19C834D300B05D68 /* Winner.app */ = {isa = PBXFileReference; explicitFileType = wrapper.application; includeInIndex = 0; path = Winner.app; sourceTree = BUILT_PRODUCTS_DIR; };
		1529B48E19C834D300B05D68 /* Info.plist */ = {isa = PBXFileReference; lastKnownFileType = text.plist.xml; path = Info.plist; sourceTree = "<group>"; };
		1529B48F19C834D300B05D68 /* main.m */ = {isa = PBXFileReference; lastKnownFileType = sourcecode.c.objc; path = main.m; sourceTree = "<group>"; };
		1529B49119C834D300B05D68 /* RIAppDelegate.h */ = {isa = PBXFileReference; lastKnownFileType = sourcecode.c.h; path = RIAppDelegate.h; sourceTree = "<group>"; };
		1529B49219C834D300B05D68 /* RIAppDelegate.m */ = {isa = PBXFileReference; lastKnownFileType = sourcecode.c.objc; path = RIAppDelegate.m; sourceTree = "<group>"; };
		1529B49519C834D300B05D68 /* Winner.xcdatamodel */ = {isa = PBXFileReference; lastKnownFileType = wrapper.xcdatamodel; path = Winner.xcdatamodel; sourceTree = "<group>"; };
		1529B49719C834D300B05D68 /* RIHomeViewController.h */ = {isa = PBXFileReference; lastKnownFileType = sourcecode.c.h; path = RIHomeViewController.h; sourceTree = "<group>"; };
		1529B49819C834D300B05D68 /* RIHomeViewController.m */ = {isa = PBXFileReference; lastKnownFileType = sourcecode.c.objc; path = RIHomeViewController.m; sourceTree = "<group>"; };
		1529B49B19C834D300B05D68 /* Base */ = {isa = PBXFileReference; lastKnownFileType = file.storyboard; name = Base; path = Base.lproj/Main.storyboard; sourceTree = "<group>"; };
		1529B49D19C834D300B05D68 /* Images.xcassets */ = {isa = PBXFileReference; lastKnownFileType = folder.assetcatalog; path = Images.xcassets; sourceTree = "<group>"; };
		1529B4A019C834D300B05D68 /* Base */ = {isa = PBXFileReference; lastKnownFileType = file.xib; name = Base; path = Base.lproj/LaunchScreen.xib; sourceTree = "<group>"; };
		1529B4A619C834D300B05D68 /* WinnerTests.xctest */ = {isa = PBXFileReference; explicitFileType = wrapper.cfbundle; includeInIndex = 0; path = WinnerTests.xctest; sourceTree = BUILT_PRODUCTS_DIR; };
		1529B4AB19C834D300B05D68 /* Info.plist */ = {isa = PBXFileReference; lastKnownFileType = text.plist.xml; path = Info.plist; sourceTree = "<group>"; };
		1529B4AC19C834D300B05D68 /* WinnerTests.m */ = {isa = PBXFileReference; lastKnownFileType = sourcecode.c.objc; path = WinnerTests.m; sourceTree = "<group>"; };
		1529B4B819C835DF00B05D68 /* RIWinnerViewController.h */ = {isa = PBXFileReference; fileEncoding = 4; lastKnownFileType = sourcecode.c.h; path = RIWinnerViewController.h; sourceTree = "<group>"; };
		1529B4B919C835DF00B05D68 /* RIWinnerViewController.m */ = {isa = PBXFileReference; fileEncoding = 4; lastKnownFileType = sourcecode.c.objc; path = RIWinnerViewController.m; sourceTree = "<group>"; };
		1529B4BF19C8370A00B05D68 /* RIPageViewController.h */ = {isa = PBXFileReference; fileEncoding = 4; lastKnownFileType = sourcecode.c.h; path = RIPageViewController.h; sourceTree = "<group>"; };
		1529B4C019C8370A00B05D68 /* RIPageViewController.m */ = {isa = PBXFileReference; fileEncoding = 4; lastKnownFileType = sourcecode.c.objc; path = RIPageViewController.m; sourceTree = "<group>"; };
		1529B4C319C8373400B05D68 /* RIMainController.h */ = {isa = PBXFileReference; fileEncoding = 4; lastKnownFileType = sourcecode.c.h; path = RIMainController.h; sourceTree = "<group>"; };
		1529B4C419C8373400B05D68 /* RIMainController.m */ = {isa = PBXFileReference; fileEncoding = 4; lastKnownFileType = sourcecode.c.objc; path = RIMainController.m; sourceTree = "<group>"; };
		1529B4C819C8384200B05D68 /* RITitleView.h */ = {isa = PBXFileReference; fileEncoding = 4; lastKnownFileType = sourcecode.c.h; path = RITitleView.h; sourceTree = "<group>"; };
		1529B4C919C8384200B05D68 /* RITitleView.m */ = {isa = PBXFileReference; fileEncoding = 4; lastKnownFileType = sourcecode.c.objc; path = RITitleView.m; sourceTree = "<group>"; };
		1529B4CE19C83A2E00B05D68 /* RITopView.h */ = {isa = PBXFileReference; fileEncoding = 4; lastKnownFileType = sourcecode.c.h; path = RITopView.h; sourceTree = "<group>"; };
		1529B4CF19C83A2E00B05D68 /* RITopView.m */ = {isa = PBXFileReference; fileEncoding = 4; lastKnownFileType = sourcecode.c.objc; path = RITopView.m; sourceTree = "<group>"; };
		1529B4D419C845D000B05D68 /* RIWinnerViewControllerProtocol.h */ = {isa = PBXFileReference; lastKnownFileType = sourcecode.c.h; path = RIWinnerViewControllerProtocol.h; sourceTree = "<group>"; };
/* End PBXFileReference section */

/* Begin PBXFrameworksBuildPhase section */
		1529B48719C834D300B05D68 /* Frameworks */ = {
			isa = PBXFrameworksBuildPhase;
			buildActionMask = 2147483647;
			files = (
			);
			runOnlyForDeploymentPostprocessing = 0;
		};
		1529B4A319C834D300B05D68 /* Frameworks */ = {
			isa = PBXFrameworksBuildPhase;
			buildActionMask = 2147483647;
			files = (
			);
			runOnlyForDeploymentPostprocessing = 0;
		};
/* End PBXFrameworksBuildPhase section */

/* Begin PBXGroup section */
		1529B48119C834D300B05D68 = {
			isa = PBXGroup;
			children = (
				1529B48C19C834D300B05D68 /* Winner */,
				1529B48D19C834D300B05D68 /* Supporting Files */,
				1529B4A919C834D300B05D68 /* WinnerTests */,
				1529B48B19C834D300B05D68 /* Products */,
			);
			sourceTree = "<group>";
		};
		1529B48B19C834D300B05D68 /* Products */ = {
			isa = PBXGroup;
			children = (
				1529B48A19C834D300B05D68 /* Winner.app */,
				1529B4A619C834D300B05D68 /* WinnerTests.xctest */,
			);
			name = Products;
			sourceTree = "<group>";
		};
		1529B48C19C834D300B05D68 /* Winner */ = {
			isa = PBXGroup;
			children = (
				1529B4B619C8356000B05D68 /* Winner */,
				1529B4B719C835B900B05D68 /* View controllers */,
				1529B49119C834D300B05D68 /* RIAppDelegate.h */,
				1529B49219C834D300B05D68 /* RIAppDelegate.m */,
			);
			path = Winner;
			sourceTree = "<group>";
		};
		1529B48D19C834D300B05D68 /* Supporting Files */ = {
			isa = PBXGroup;
			children = (
				1529B49A19C834D300B05D68 /* Main.storyboard */,
				1529B49D19C834D300B05D68 /* Images.xcassets */,
				1529B49F19C834D300B05D68 /* LaunchScreen.xib */,
				1529B49419C834D300B05D68 /* Winner.xcdatamodeld */,
				1529B48E19C834D300B05D68 /* Info.plist */,
				1529B48F19C834D300B05D68 /* main.m */,
			);
			name = "Supporting Files";
			path = Winner;
			sourceTree = "<group>";
		};
		1529B4A919C834D300B05D68 /* WinnerTests */ = {
			isa = PBXGroup;
			children = (
				1529B4AC19C834D300B05D68 /* WinnerTests.m */,
				1529B4AA19C834D300B05D68 /* Supporting Files */,
			);
			path = WinnerTests;
			sourceTree = "<group>";
		};
		1529B4AA19C834D300B05D68 /* Supporting Files */ = {
			isa = PBXGroup;
			children = (
				1529B4AB19C834D300B05D68 /* Info.plist */,
			);
			name = "Supporting Files";
			sourceTree = "<group>";
		};
		1529B4B619C8356000B05D68 /* Winner */ = {
			isa = PBXGroup;
			children = (
				1529B4D319C845A000B05D68 /* Protocols */,
				1529B4C619C8381300B05D68 /* Views */,
				1529B4B819C835DF00B05D68 /* RIWinnerViewController.h */,
				1529B4B919C835DF00B05D68 /* RIWinnerViewController.m */,
			);
			name = Winner;
			sourceTree = "<group>";
		};
		1529B4B719C835B900B05D68 /* View controllers */ = {
			isa = PBXGroup;
			children = (
				1529B4C219C8371A00B05D68 /* Controller */,
				1529B4BB19C835FF00B05D68 /* Pages */,
				1529B49719C834D300B05D68 /* RIHomeViewController.h */,
				1529B49819C834D300B05D68 /* RIHomeViewController.m */,
			);
			name = "View controllers";
			sourceTree = "<group>";
		};
		1529B4BB19C835FF00B05D68 /* Pages */ = {
			isa = PBXGroup;
			children = (
				1529B4BE19C836A400B05D68 /* Photos */,
				1529B4BD19C8361100B05D68 /* Contacts */,
				1529B4BC19C8360C00B05D68 /* Basic */,
			);
			name = Pages;
			sourceTree = "<group>";
		};
		1529B4BC19C8360C00B05D68 /* Basic */ = {
			isa = PBXGroup;
			children = (
				1529B4BF19C8370A00B05D68 /* RIPageViewController.h */,
				1529B4C019C8370A00B05D68 /* RIPageViewController.m */,
			);
			name = Basic;
			sourceTree = "<group>";
		};
		1529B4BD19C8361100B05D68 /* Contacts */ = {
			isa = PBXGroup;
			children = (
			);
			name = Contacts;
			sourceTree = "<group>";
		};
		1529B4BE19C836A400B05D68 /* Photos */ = {
			isa = PBXGroup;
			children = (
			);
			name = Photos;
			sourceTree = "<group>";
		};
		1529B4C219C8371A00B05D68 /* Controller */ = {
			isa = PBXGroup;
			children = (
				1529B4C319C8373400B05D68 /* RIMainController.h */,
				1529B4C419C8373400B05D68 /* RIMainController.m */,
			);
			name = Controller;
			sourceTree = "<group>";
		};
		1529B4C619C8381300B05D68 /* Views */ = {
			isa = PBXGroup;
			children = (
				1529B4CD19C83A1800B05D68 /* Top view */,
				1529B4C719C8382100B05D68 /* Title view */,
			);
			name = Views;
			sourceTree = "<group>";
		};
		1529B4C719C8382100B05D68 /* Title view */ = {
			isa = PBXGroup;
			children = (
				1529B4C819C8384200B05D68 /* RITitleView.h */,
				1529B4C919C8384200B05D68 /* RITitleView.m */,
			);
			name = "Title view";
			sourceTree = "<group>";
		};
		1529B4CD19C83A1800B05D68 /* Top view */ = {
			isa = PBXGroup;
			children = (
				1529B4CE19C83A2E00B05D68 /* RITopView.h */,
				1529B4CF19C83A2E00B05D68 /* RITopView.m */,
			);
			name = "Top view";
			sourceTree = "<group>";
		};
		1529B4D319C845A000B05D68 /* Protocols */ = {
			isa = PBXGroup;
			children = (
				1529B4D419C845D000B05D68 /* RIWinnerViewControllerProtocol.h */,
			);
			name = Protocols;
			sourceTree = "<group>";
		};
/* End PBXGroup section */

/* Begin PBXNativeTarget section */
		1529B48919C834D300B05D68 /* Winner */ = {
			isa = PBXNativeTarget;
			buildConfigurationList = 1529B4B019C834D300B05D68 /* Build configuration list for PBXNativeTarget "Winner" */;
			buildPhases = (
				1529B48619C834D300B05D68 /* Sources */,
				1529B48719C834D300B05D68 /* Frameworks */,
				1529B48819C834D300B05D68 /* Resources */,
			);
			buildRules = (
			);
			dependencies = (
			);
			name = Winner;
			productName = Winner;
			productReference = 1529B48A19C834D300B05D68 /* Winner.app */;
			productType = "com.apple.product-type.application";
		};
		1529B4A519C834D300B05D68 /* WinnerTests */ = {
			isa = PBXNativeTarget;
			buildConfigurationList = 1529B4B319C834D300B05D68 /* Build configuration list for PBXNativeTarget "WinnerTests" */;
			buildPhases = (
				1529B4A219C834D300B05D68 /* Sources */,
				1529B4A319C834D300B05D68 /* Frameworks */,
				1529B4A419C834D300B05D68 /* Resources */,
			);
			buildRules = (
			);
			dependencies = (
				1529B4A819C834D300B05D68 /* PBXTargetDependency */,
			);
			name = WinnerTests;
			productName = WinnerTests;
			productReference = 1529B4A619C834D300B05D68 /* WinnerTests.xctest */;
			productType = "com.apple.product-type.bundle.unit-test";
		};
/* End PBXNativeTarget section */

/* Begin PBXProject section */
		1529B48219C834D300B05D68 /* Project object */ = {
			isa = PBXProject;
			attributes = {
				CLASSPREFIX = RI;
				LastUpgradeCheck = 0600;
				ORGANIZATIONNAME = "Ridiculous Innovations";
				TargetAttributes = {
					1529B48919C834D300B05D68 = {
						CreatedOnToolsVersion = 6.0;
					};
					1529B4A519C834D300B05D68 = {
						CreatedOnToolsVersion = 6.0;
						TestTargetID = 1529B48919C834D300B05D68;
					};
				};
			};
			buildConfigurationList = 1529B48519C834D300B05D68 /* Build configuration list for PBXProject "Winner" */;
			compatibilityVersion = "Xcode 3.2";
			developmentRegion = English;
			hasScannedForEncodings = 0;
			knownRegions = (
				en,
				Base,
			);
			mainGroup = 1529B48119C834D300B05D68;
			productRefGroup = 1529B48B19C834D300B05D68 /* Products */;
			projectDirPath = "";
			projectRoot = "";
			targets = (
				1529B48919C834D300B05D68 /* Winner */,
				1529B4A519C834D300B05D68 /* WinnerTests */,
			);
		};
/* End PBXProject section */

/* Begin PBXResourcesBuildPhase section */
		1529B48819C834D300B05D68 /* Resources */ = {
			isa = PBXResourcesBuildPhase;
			buildActionMask = 2147483647;
			files = (
				1529B49C19C834D300B05D68 /* Main.storyboard in Resources */,
				1529B4A119C834D300B05D68 /* LaunchScreen.xib in Resources */,
				1529B49E19C834D300B05D68 /* Images.xcassets in Resources */,
			);
			runOnlyForDeploymentPostprocessing = 0;
		};
		1529B4A419C834D300B05D68 /* Resources */ = {
			isa = PBXResourcesBuildPhase;
			buildActionMask = 2147483647;
			files = (
			);
			runOnlyForDeploymentPostprocessing = 0;
		};
/* End PBXResourcesBuildPhase section */

/* Begin PBXSourcesBuildPhase section */
		1529B48619C834D300B05D68 /* Sources */ = {
			isa = PBXSourcesBuildPhase;
			buildActionMask = 2147483647;
			files = (
				1529B4CA19C8384200B05D68 /* RITitleView.m in Sources */,
				1529B4C119C8370A00B05D68 /* RIPageViewController.m in Sources */,
				1529B49319C834D300B05D68 /* RIAppDelegate.m in Sources */,
				1529B4C519C8373400B05D68 /* RIMainController.m in Sources */,
				1529B4D019C83A2E00B05D68 /* RITopView.m in Sources */,
				1529B4BA19C835DF00B05D68 /* RIWinnerViewController.m in Sources */,
				1529B49619C834D300B05D68 /* Winner.xcdatamodeld in Sources */,
				1529B49919C834D300B05D68 /* RIHomeViewController.m in Sources */,
				1529B49019C834D300B05D68 /* main.m in Sources */,
			);
			runOnlyForDeploymentPostprocessing = 0;
		};
		1529B4A219C834D300B05D68 /* Sources */ = {
			isa = PBXSourcesBuildPhase;
			buildActionMask = 2147483647;
			files = (
				1529B4CB19C8384600B05D68 /* RITitleView.m in Sources */,
				1529B4CC19C8384D00B05D68 /* RIWinnerViewController.m in Sources */,
				1529B4AD19C834D300B05D68 /* WinnerTests.m in Sources */,
				1529B4D119C83A2E00B05D68 /* RITopView.m in Sources */,
			);
			runOnlyForDeploymentPostprocessing = 0;
		};
/* End PBXSourcesBuildPhase section */

/* Begin PBXTargetDependency section */
		1529B4A819C834D300B05D68 /* PBXTargetDependency */ = {
			isa = PBXTargetDependency;
			target = 1529B48919C834D300B05D68 /* Winner */;
			targetProxy = 1529B4A719C834D300B05D68 /* PBXContainerItemProxy */;
		};
/* End PBXTargetDependency section */

/* Begin PBXVariantGroup section */
		1529B49A19C834D300B05D68 /* Main.storyboard */ = {
			isa = PBXVariantGroup;
			children = (
				1529B49B19C834D300B05D68 /* Base */,
			);
			name = Main.storyboard;
			sourceTree = "<group>";
		};
		1529B49F19C834D300B05D68 /* LaunchScreen.xib */ = {
			isa = PBXVariantGroup;
			children = (
				1529B4A019C834D300B05D68 /* Base */,
			);
			name = LaunchScreen.xib;
			sourceTree = "<group>";
		};
/* End PBXVariantGroup section */

/* Begin XCBuildConfiguration section */
		1529B4AE19C834D300B05D68 /* Debug */ = {
			isa = XCBuildConfiguration;
			buildSettings = {
				ALWAYS_SEARCH_USER_PATHS = NO;
				CLANG_CXX_LANGUAGE_STANDARD = "gnu++0x";
				CLANG_CXX_LIBRARY = "libc++";
				CLANG_ENABLE_MODULES = YES;
				CLANG_ENABLE_OBJC_ARC = YES;
				CLANG_WARN_BOOL_CONVERSION = YES;
				CLANG_WARN_CONSTANT_CONVERSION = YES;
				CLANG_WARN_DIRECT_OBJC_ISA_USAGE = YES_ERROR;
				CLANG_WARN_EMPTY_BODY = YES;
				CLANG_WARN_ENUM_CONVERSION = YES;
				CLANG_WARN_INT_CONVERSION = YES;
				CLANG_WARN_OBJC_ROOT_CLASS = YES_ERROR;
				CLANG_WARN_UNREACHABLE_CODE = YES;
				CLANG_WARN__DUPLICATE_METHOD_MATCH = YES;
				"CODE_SIGN_IDENTITY[sdk=iphoneos*]" = "iPhone Developer";
				COPY_PHASE_STRIP = NO;
				ENABLE_STRICT_OBJC_MSGSEND = YES;
				GCC_C_LANGUAGE_STANDARD = gnu99;
				GCC_DYNAMIC_NO_PIC = NO;
				GCC_OPTIMIZATION_LEVEL = 0;
				GCC_PREPROCESSOR_DEFINITIONS = (
					"DEBUG=1",
					"$(inherited)",
				);
				GCC_SYMBOLS_PRIVATE_EXTERN = NO;
				GCC_WARN_64_TO_32_BIT_CONVERSION = YES;
				GCC_WARN_ABOUT_RETURN_TYPE = YES_ERROR;
				GCC_WARN_UNDECLARED_SELECTOR = YES;
				GCC_WARN_UNINITIALIZED_AUTOS = YES_AGGRESSIVE;
				GCC_WARN_UNUSED_FUNCTION = YES;
				GCC_WARN_UNUSED_VARIABLE = YES;
				IPHONEOS_DEPLOYMENT_TARGET = 8.0;
				MTL_ENABLE_DEBUG_INFO = YES;
				ONLY_ACTIVE_ARCH = YES;
				SDKROOT = iphoneos;
				TARGETED_DEVICE_FAMILY = "1,2";
			};
			name = Debug;
		};
		1529B4AF19C834D300B05D68 /* Release */ = {
			isa = XCBuildConfiguration;
			buildSettings = {
				ALWAYS_SEARCH_USER_PATHS = NO;
				CLANG_CXX_LANGUAGE_STANDARD = "gnu++0x";
				CLANG_CXX_LIBRARY = "libc++";
				CLANG_ENABLE_MODULES = YES;
				CLANG_ENABLE_OBJC_ARC = YES;
				CLANG_WARN_BOOL_CONVERSION = YES;
				CLANG_WARN_CONSTANT_CONVERSION = YES;
				CLANG_WARN_DIRECT_OBJC_ISA_USAGE = YES_ERROR;
				CLANG_WARN_EMPTY_BODY = YES;
				CLANG_WARN_ENUM_CONVERSION = YES;
				CLANG_WARN_INT_CONVERSION = YES;
				CLANG_WARN_OBJC_ROOT_CLASS = YES_ERROR;
				CLANG_WARN_UNREACHABLE_CODE = YES;
				CLANG_WARN__DUPLICATE_METHOD_MATCH = YES;
				"CODE_SIGN_IDENTITY[sdk=iphoneos*]" = "iPhone Developer";
				COPY_PHASE_STRIP = YES;
				ENABLE_NS_ASSERTIONS = NO;
				ENABLE_STRICT_OBJC_MSGSEND = YES;
				GCC_C_LANGUAGE_STANDARD = gnu99;
				GCC_WARN_64_TO_32_BIT_CONVERSION = YES;
				GCC_WARN_ABOUT_RETURN_TYPE = YES_ERROR;
				GCC_WARN_UNDECLARED_SELECTOR = YES;
				GCC_WARN_UNINITIALIZED_AUTOS = YES_AGGRESSIVE;
				GCC_WARN_UNUSED_FUNCTION = YES;
				GCC_WARN_UNUSED_VARIABLE = YES;
				IPHONEOS_DEPLOYMENT_TARGET = 8.0;
				MTL_ENABLE_DEBUG_INFO = NO;
				SDKROOT = iphoneos;
				TARGETED_DEVICE_FAMILY = "1,2";
				VALIDATE_PRODUCT = YES;
			};
			name = Release;
		};
		1529B4B119C834D300B05D68 /* Debug */ = {
			isa = XCBuildConfiguration;
			buildSettings = {
				ASSETCATALOG_COMPILER_APPICON_NAME = AppIcon;
				INFOPLIST_FILE = Winner/Info.plist;
				LD_RUNPATH_SEARCH_PATHS = "$(inherited) @executable_path/Frameworks";
				PRODUCT_NAME = "$(TARGET_NAME)";
			};
			name = Debug;
		};
		1529B4B219C834D300B05D68 /* Release */ = {
			isa = XCBuildConfiguration;
			buildSettings = {
				ASSETCATALOG_COMPILER_APPICON_NAME = AppIcon;
				INFOPLIST_FILE = Winner/Info.plist;
				LD_RUNPATH_SEARCH_PATHS = "$(inherited) @executable_path/Frameworks";
				PRODUCT_NAME = "$(TARGET_NAME)";
			};
			name = Release;
		};
		1529B4B419C834D300B05D68 /* Debug */ = {
			isa = XCBuildConfiguration;
			buildSettings = {
				BUNDLE_LOADER = "$(TEST_HOST)";
				FRAMEWORK_SEARCH_PATHS = (
					"$(SDKROOT)/Developer/Library/Frameworks",
					"$(inherited)",
				);
				GCC_PREPROCESSOR_DEFINITIONS = (
					"DEBUG=1",
					"$(inherited)",
				);
				INFOPLIST_FILE = WinnerTests/Info.plist;
				LD_RUNPATH_SEARCH_PATHS = "$(inherited) @executable_path/Frameworks @loader_path/Frameworks";
				PRODUCT_NAME = "$(TARGET_NAME)";
				TEST_HOST = "$(BUILT_PRODUCTS_DIR)/Winner.app/Winner";
			};
			name = Debug;
		};
		1529B4B519C834D300B05D68 /* Release */ = {
			isa = XCBuildConfiguration;
			buildSettings = {
				BUNDLE_LOADER = "$(TEST_HOST)";
				FRAMEWORK_SEARCH_PATHS = (
					"$(SDKROOT)/Developer/Library/Frameworks",
					"$(inherited)",
				);
				INFOPLIST_FILE = WinnerTests/Info.plist;
				LD_RUNPATH_SEARCH_PATHS = "$(inherited) @executable_path/Frameworks @loader_path/Frameworks";
				PRODUCT_NAME = "$(TARGET_NAME)";
				TEST_HOST = "$(BUILT_PRODUCTS_DIR)/Winner.app/Winner";
			};
			name = Release;
		};
/* End XCBuildConfiguration section */

/* Begin XCConfigurationList section */
		1529B48519C834D300B05D68 /* Build configuration list for PBXProject "Winner" */ = {
			isa = XCConfigurationList;
			buildConfigurations = (
				1529B4AE19C834D300B05D68 /* Debug */,
				1529B4AF19C834D300B05D68 /* Release */,
			);
			defaultConfigurationIsVisible = 0;
			defaultConfigurationName = Release;
		};
		1529B4B019C834D300B05D68 /* Build configuration list for PBXNativeTarget "Winner" */ = {
			isa = XCConfigurationList;
			buildConfigurations = (
				1529B4B119C834D300B05D68 /* Debug */,
				1529B4B219C834D300B05D68 /* Release */,
			);
			defaultConfigurationIsVisible = 0;
		};
		1529B4B319C834D300B05D68 /* Build configuration list for PBXNativeTarget "WinnerTests" */ = {
			isa = XCConfigurationList;
			buildConfigurations = (
				1529B4B419C834D300B05D68 /* Debug */,
				1529B4B519C834D300B05D68 /* Release */,
			);
			defaultConfigurationIsVisible = 0;
		};
/* End XCConfigurationList section */

/* Begin XCVersionGroup section */
		1529B49419C834D300B05D68 /* Winner.xcdatamodeld */ = {
			isa = XCVersionGroup;
			children = (
				1529B49519C834D300B05D68 /* Winner.xcdatamodel */,
			);
			currentVersion = 1529B49519C834D300B05D68 /* Winner.xcdatamodel */;
			path = Winner.xcdatamodeld;
			sourceTree = "<group>";
			versionGroupType = wrapper.xcdatamodel;
		};
/* End XCVersionGroup section */
	};
	rootObject = 1529B48219C834D300B05D68 /* Project object */;
}
